{
  "version": 2,
  "dependencies": {
    "net10.0": {
      "internaloperations.application": {
        "type": "Project",
        "dependencies": {
          "InternalOperations.Domain": "[1.0.0, )",
          "InternalOperations.Shared": "[1.0.0, )"
        }
      },
      "internaloperations.domain": {
        "type": "Project"
      },
      "internaloperations.shared": {
        "type": "Project"
      }
    }
  }
}